
Microsoft Visual Studio Solution File, Format Version 12.00
# Visual Studio Version 17
VisualStudioVersion = 17.3.32922.545
MinimumVisualStudioVersion = 10.0.40219.1
Project("{FAE04EC0-301F-11D3-BF4B-00C04F79EFBC}") = "MvcStock", "MvcStock\MvcStock.csproj", "{89A7A54C-6EAF-473C-8FB2-5B3E5C2C4071}"
EndProject
Global
	GlobalSection(SolutionConfigurationPlatforms) = preSolution
		Debug|Any CPU = Debug|Any CPU
		Release|Any CPU = Release|Any CPU
	EndGlobalSection
	GlobalSection(ProjectConfigurationPlatforms) = postSolution
		{89A7A54C-6EAF-473C-8FB2-5B3E5C2C4071}.Debug|Any CPU.ActiveCfg = Debug|Any CPU
		{89A7A54C-6EAF-473C-8FB2-5B3E5C2C4071}.Debug|Any CPU.Build.0 = Debug|Any CPU
		{89A7A54C-6EAF-473C-8FB2-5B3E5C2C4071}.Release|Any CPU.ActiveCfg = Release|Any CPU
		{89A7A54C-6EAF-473C-8FB2-5B3E5C2C4071}.Release|Any CPU.Build.0 = Release|Any CPU
	EndGlobalSection
	GlobalSection(SolutionProperties) = preSolution
		HideSolutionNode = FALSE
	EndGlobalSection
	GlobalSection(ExtensibilityGlobals) = postSolution
		SolutionGuid = {F378F33F-194B-4EEE-9179-7430FAC6F73C}
	EndGlobalSection
EndGlobal
